
Microsoft Visual Studio Solution File, Format Version 12.00
# Visual Studio Version 17
VisualStudioVersion = 17.11.35327.3
MinimumVisualStudioVersion = 10.0.40219.1
Project("{FAE04EC0-301F-11D3-BF4B-00C04F79EFBC}") = "E-Commerce2", "E-Commerce2.csproj", "{1D8BE38F-CB52-479B-8C91-A4CF5557B586}"
EndProject
Global
	GlobalSection(SolutionConfigurationPlatforms) = preSolution
		Debug|Any CPU = Debug|Any CPU
		Release|Any CPU = Release|Any CPU
	EndGlobalSection
	GlobalSection(ProjectConfigurationPlatforms) = postSolution
		{1D8BE38F-CB52-479B-8C91-A4CF5557B586}.Debug|Any CPU.ActiveCfg = Debug|Any CPU
		{1D8BE38F-CB52-479B-8C91-A4CF5557B586}.Debug|Any CPU.Build.0 = Debug|Any CPU
		{1D8BE38F-CB52-479B-8C91-A4CF5557B586}.Release|Any CPU.ActiveCfg = Release|Any CPU
		{1D8BE38F-CB52-479B-8C91-A4CF5557B586}.Release|Any CPU.Build.0 = Release|Any CPU
	EndGlobalSection
	GlobalSection(SolutionProperties) = preSolution
		HideSolutionNode = FALSE
	EndGlobalSection
	GlobalSection(ExtensibilityGlobals) = postSolution
		SolutionGuid = {37122BC3-9573-49A2-BA6D-53A0DEFE358E}
	EndGlobalSection
EndGlobal
